
Microsoft Visual Studio Solution File, Format Version 12.00
# Visual Studio 15
VisualStudioVersion = 15.0.27004.2002
MinimumVisualStudioVersion = 10.0.40219.1
Project("{FAE04EC0-301F-11D3-BF4B-00C04F79EFBC}") = "WebApplication003", "WebApplication003\WebApplication003.csproj", "{281C896D-EF33-4F42-A3A8-2FDA1C881ADD}"
EndProject
Global
	GlobalSection(SolutionConfigurationPlatforms) = preSolution
		Debug|Any CPU = Debug|Any CPU
		Release|Any CPU = Release|Any CPU
	EndGlobalSection
	GlobalSection(ProjectConfigurationPlatforms) = postSolution
		{281C896D-EF33-4F42-A3A8-2FDA1C881ADD}.Debug|Any CPU.ActiveCfg = Debug|Any CPU
		{281C896D-EF33-4F42-A3A8-2FDA1C881ADD}.Debug|Any CPU.Build.0 = Debug|Any CPU
		{281C896D-EF33-4F42-A3A8-2FDA1C881ADD}.Release|Any CPU.ActiveCfg = Release|Any CPU
		{281C896D-EF33-4F42-A3A8-2FDA1C881ADD}.Release|Any CPU.Build.0 = Release|Any CPU
	EndGlobalSection
	GlobalSection(SolutionProperties) = preSolution
		HideSolutionNode = FALSE
	EndGlobalSection
	GlobalSection(ExtensibilityGlobals) = postSolution
		SolutionGuid = {4BFC2DFB-1A77-476B-B9F9-A9722C61C42E}
	EndGlobalSection
EndGlobal
